
Microsoft Visual Studio Solution File, Format Version 12.00
# Visual Studio 15
VisualStudioVersion = 15.0.26228.4
MinimumVisualStudioVersion = 10.0.40219.1
Project("{FAE04EC0-301F-11D3-BF4B-00C04F79EFBC}") = "MusicSearch", "MusicSearch\MusicSearch.csproj", "{32E0276D-F8F1-4166-95EE-6DFA7DC30B80}"
EndProject
Project("{FAE04EC0-301F-11D3-BF4B-00C04F79EFBC}") = "MusicSearch.iOS", "MusicSearch.iOS\MusicSearch.iOS.csproj", "{CC512554-FAC5-4399-BB7A-137585EFFCBA}"
EndProject
Project("{FAE04EC0-301F-11D3-BF4B-00C04F79EFBC}") = "MusicSearch.Droid", "MusicSearch.Droid\MusicSearch.Droid.csproj", "{D1E19728-0A09-47FD-A3D8-7100E9C576FE}"
EndProject
Project("{FAE04EC0-301F-11D3-BF4B-00C04F79EFBC}") = "MusicSearch.UWP", "MusicSearch.UWP\MusicSearch.UWP.csproj", "{3E5FAF35-AF53-4243-8899-F01346DC27C9}"
EndProject
Global
	GlobalSection(SolutionConfigurationPlatforms) = preSolution
		Debug|Any CPU = Debug|Any CPU
		Debug|ARM = Debug|ARM
		Debug|iPhone = Debug|iPhone
		Debug|iPhoneSimulator = Debug|iPhoneSimulator
		Debug|x64 = Debug|x64
		Debug|x86 = Debug|x86
		Release|Any CPU = Release|Any CPU
		Release|ARM = Release|ARM
		Release|iPhone = Release|iPhone
		Release|iPhoneSimulator = Release|iPhoneSimulator
		Release|x64 = Release|x64
		Release|x86 = Release|x86
	EndGlobalSection
	GlobalSection(ProjectConfigurationPlatforms) = postSolution
		{32E0276D-F8F1-4166-95EE-6DFA7DC30B80}.Debug|Any CPU.ActiveCfg = Debug|Any CPU
		{32E0276D-F8F1-4166-95EE-6DFA7DC30B80}.Debug|Any CPU.Build.0 = Debug|Any CPU
		{32E0276D-F8F1-4166-95EE-6DFA7DC30B80}.Debug|ARM.ActiveCfg = Debug|Any CPU
		{32E0276D-F8F1-4166-95EE-6DFA7DC30B80}.Debug|ARM.Build.0 = Debug|Any CPU
		{32E0276D-F8F1-4166-95EE-6DFA7DC30B80}.Debug|iPhone.ActiveCfg = Debug|Any CPU
		{32E0276D-F8F1-4166-95EE-6DFA7DC30B80}.Debug|iPhone.Build.0 = Debug|Any CPU
		{32E0276D-F8F1-4166-95EE-6DFA7DC30B80}.Debug|iPhoneSimulator.ActiveCfg = Debug|Any CPU
		{32E0276D-F8F1-4166-95EE-6DFA7DC30B80}.Debug|iPhoneSimulator.Build.0 = Debug|Any CPU
		{32E0276D-F8F1-4166-95EE-6DFA7DC30B80}.Debug|x64.ActiveCfg = Debug|Any CPU
		{32E0276D-F8F1-4166-95EE-6DFA7DC30B80}.Debug|x64.Build.0 = Debug|Any CPU
		{32E0276D-F8F1-4166-95EE-6DFA7DC30B80}.Debug|x86.ActiveCfg = Debug|Any CPU
		{32E0276D-F8F1-4166-95EE-6DFA7DC30B80}.Debug|x86.Build.0 = Debug|Any CPU
		{32E0276D-F8F1-4166-95EE-6DFA7DC30B80}.Release|Any CPU.ActiveCfg = Release|Any CPU
		{32E0276D-F8F1-4166-95EE-6DFA7DC30B80}.Release|Any CPU.Build.0 = Release|Any CPU
		{32E0276D-F8F1-4166-95EE-6DFA7DC30B80}.Release|ARM.ActiveCfg = Release|Any CPU
		{32E0276D-F8F1-4166-95EE-6DFA7DC30B80}.Release|ARM.Build.0 = Release|Any CPU
		{32E0276D-F8F1-4166-95EE-6DFA7DC30B80}.Release|iPhone.ActiveCfg = Release|Any CPU
		{32E0276D-F8F1-4166-95EE-6DFA7DC30B80}.Release|iPhone.Build.0 = Release|Any CPU
		{32E0276D-F8F1-4166-95EE-6DFA7DC30B80}.Release|iPhoneSimulator.ActiveCfg = Release|Any CPU
		{32E0276D-F8F1-4166-95EE-6DFA7DC30B80}.Release|iPhoneSimulator.Build.0 = Release|Any CPU
		{32E0276D-F8F1-4166-95EE-6DFA7DC30B80}.Release|x64.ActiveCfg = Release|Any CPU
		{32E0276D-F8F1-4166-95EE-6DFA7DC30B80}.Release|x64.Build.0 = Release|Any CPU
		{32E0276D-F8F1-4166-95EE-6DFA7DC30B80}.Release|x86.ActiveCfg = Release|Any CPU
		{32E0276D-F8F1-4166-95EE-6DFA7DC30B80}.Release|x86.Build.0 = Release|Any CPU
		{CC512554-FAC5-4399-BB7A-137585EFFCBA}.Debug|Any CPU.ActiveCfg = Debug|iPhoneSimulator
		{CC512554-FAC5-4399-BB7A-137585EFFCBA}.Debug|Any CPU.Build.0 = Debug|iPhoneSimulator
		{CC512554-FAC5-4399-BB7A-137585EFFCBA}.Debug|ARM.ActiveCfg = Debug|iPhone
		{CC512554-FAC5-4399-BB7A-137585EFFCBA}.Debug|iPhone.ActiveCfg = Debug|iPhone
		{CC512554-FAC5-4399-BB7A-137585EFFCBA}.Debug|iPhone.Build.0 = Debug|iPhone
		{CC512554-FAC5-4399-BB7A-137585EFFCBA}.Debug|iPhoneSimulator.ActiveCfg = Debug|iPhoneSimulator
		{CC512554-FAC5-4399-BB7A-137585EFFCBA}.Debug|iPhoneSimulator.Build.0 = Debug|iPhoneSimulator
		{CC512554-FAC5-4399-BB7A-137585EFFCBA}.Debug|x64.ActiveCfg = Debug|iPhoneSimulator
		{CC512554-FAC5-4399-BB7A-137585EFFCBA}.Debug|x86.ActiveCfg = Debug|iPhone
		{CC512554-FAC5-4399-BB7A-137585EFFCBA}.Release|Any CPU.ActiveCfg = Release|iPhone
		{CC512554-FAC5-4399-BB7A-137585EFFCBA}.Release|ARM.ActiveCfg = Release|iPhone
		{CC512554-FAC5-4399-BB7A-137585EFFCBA}.Release|iPhone.ActiveCfg = Release|iPhone
		{CC512554-FAC5-4399-BB7A-137585EFFCBA}.Release|iPhone.Build.0 = Release|iPhone
		{CC512554-FAC5-4399-BB7A-137585EFFCBA}.Release|iPhoneSimulator.ActiveCfg = Release|iPhoneSimulator
		{CC512554-FAC5-4399-BB7A-137585EFFCBA}.Release|iPhoneSimulator.Build.0 = Release|iPhoneSimulator
		{CC512554-FAC5-4399-BB7A-137585EFFCBA}.Release|x64.ActiveCfg = Release|iPhoneSimulator
		{CC512554-FAC5-4399-BB7A-137585EFFCBA}.Release|x86.ActiveCfg = Release|iPhone
		{D1E19728-0A09-47FD-A3D8-7100E9C576FE}.Debug|Any CPU.ActiveCfg = Debug|Any CPU
		{D1E19728-0A09-47FD-A3D8-7100E9C576FE}.Debug|Any CPU.Build.0 = Debug|Any CPU
		{D1E19728-0A09-47FD-A3D8-7100E9C576FE}.Debug|Any CPU.Deploy.0 = Debug|Any CPU
		{D1E19728-0A09-47FD-A3D8-7100E9C576FE}.Debug|ARM.ActiveCfg = Debug|Any CPU
		{D1E19728-0A09-47FD-A3D8-7100E9C576FE}.Debug|ARM.Build.0 = Debug|Any CPU
		{D1E19728-0A09-47FD-A3D8-7100E9C576FE}.Debug|ARM.Deploy.0 = Debug|Any CPU
		{D1E19728-0A09-47FD-A3D8-7100E9C576FE}.Debug|iPhone.ActiveCfg = Debug|Any CPU
		{D1E19728-0A09-47FD-A3D8-7100E9C576FE}.Debug|iPhone.Build.0 = Debug|Any CPU
		{D1E19728-0A09-47FD-A3D8-7100E9C576FE}.Debug|iPhone.Deploy.0 = Debug|Any CPU
		{D1E19728-0A09-47FD-A3D8-7100E9C576FE}.Debug|iPhoneSimulator.ActiveCfg = Debug|Any CPU
		{D1E19728-0A09-47FD-A3D8-7100E9C576FE}.Debug|iPhoneSimulator.Build.0 = Debug|Any CPU
		{D1E19728-0A09-47FD-A3D8-7100E9C576FE}.Debug|iPhoneSimulator.Deploy.0 = Debug|Any CPU
		{D1E19728-0A09-47FD-A3D8-7100E9C576FE}.Debug|x64.ActiveCfg = Debug|Any CPU
		{D1E19728-0A09-47FD-A3D8-7100E9C576FE}.Debug|x64.Build.0 = Debug|Any CPU
		{D1E19728-0A09-47FD-A3D8-7100E9C576FE}.Debug|x64.Deploy.0 = Debug|Any CPU
		{D1E19728-0A09-47FD-A3D8-7100E9C576FE}.Debug|x86.ActiveCfg = Debug|Any CPU
		{D1E19728-0A09-47FD-A3D8-7100E9C576FE}.Debug|x86.Build.0 = Debug|Any CPU
		{D1E19728-0A09-47FD-A3D8-7100E9C576FE}.Debug|x86.Deploy.0 = Debug|Any CPU
		{D1E19728-0A09-47FD-A3D8-7100E9C576FE}.Release|Any CPU.ActiveCfg = Release|Any CPU
		{D1E19728-0A09-47FD-A3D8-7100E9C576FE}.Release|Any CPU.Build.0 = Release|Any CPU
		{D1E19728-0A09-47FD-A3D8-7100E9C576FE}.Release|Any CPU.Deploy.0 = Release|Any CPU
		{D1E19728-0A09-47FD-A3D8-7100E9C576FE}.Release|ARM.ActiveCfg = Release|Any CPU
		{D1E19728-0A09-47FD-A3D8-7100E9C576FE}.Release|ARM.Build.0 = Release|Any CPU
		{D1E19728-0A09-47FD-A3D8-7100E9C576FE}.Release|ARM.Deploy.0 = Release|Any CPU
		{D1E19728-0A09-47FD-A3D8-7100E9C576FE}.Release|iPhone.ActiveCfg = Release|Any CPU
		{D1E19728-0A09-47FD-A3D8-7100E9C576FE}.Release|iPhone.Build.0 = Release|Any CPU
		{D1E19728-0A09-47FD-A3D8-7100E9C576FE}.Release|iPhone.Deploy.0 = Release|Any CPU
		{D1E19728-0A09-47FD-A3D8-7100E9C576FE}.Release|iPhoneSimulator.ActiveCfg = Release|Any CPU
		{D1E19728-0A09-47FD-A3D8-7100E9C576FE}.Release|iPhoneSimulator.Build.0 = Release|Any CPU
		{D1E19728-0A09-47FD-A3D8-7100E9C576FE}.Release|iPhoneSimulator.Deploy.0 = Release|Any CPU
		{D1E19728-0A09-47FD-A3D8-7100E9C576FE}.Release|x64.ActiveCfg = Release|Any CPU
		{D1E19728-0A09-47FD-A3D8-7100E9C576FE}.Release|x64.Build.0 = Release|Any CPU
		{D1E19728-0A09-47FD-A3D8-7100E9C576FE}.Release|x64.Deploy.0 = Release|Any CPU
		{D1E19728-0A09-47FD-A3D8-7100E9C576FE}.Release|x86.ActiveCfg = Release|Any CPU
		{D1E19728-0A09-47FD-A3D8-7100E9C576FE}.Release|x86.Build.0 = Release|Any CPU
		{D1E19728-0A09-47FD-A3D8-7100E9C576FE}.Release|x86.Deploy.0 = Release|Any CPU
		{3E5FAF35-AF53-4243-8899-F01346DC27C9}.Debug|Any CPU.ActiveCfg = Debug|x86
		{3E5FAF35-AF53-4243-8899-F01346DC27C9}.Debug|Any CPU.Build.0 = Debug|x86
		{3E5FAF35-AF53-4243-8899-F01346DC27C9}.Debug|Any CPU.Deploy.0 = Debug|x86
		{3E5FAF35-AF53-4243-8899-F01346DC27C9}.Debug|ARM.ActiveCfg = Debug|ARM
		{3E5FAF35-AF53-4243-8899-F01346DC27C9}.Debug|ARM.Build.0 = Debug|ARM
		{3E5FAF35-AF53-4243-8899-F01346DC27C9}.Debug|ARM.Deploy.0 = Debug|ARM
		{3E5FAF35-AF53-4243-8899-F01346DC27C9}.Debug|iPhone.ActiveCfg = Debug|x86
		{3E5FAF35-AF53-4243-8899-F01346DC27C9}.Debug|iPhone.Build.0 = Debug|x86
		{3E5FAF35-AF53-4243-8899-F01346DC27C9}.Debug|iPhone.Deploy.0 = Debug|x86
		{3E5FAF35-AF53-4243-8899-F01346DC27C9}.Debug|iPhoneSimulator.ActiveCfg = Debug|x86
		{3E5FAF35-AF53-4243-8899-F01346DC27C9}.Debug|iPhoneSimulator.Build.0 = Debug|x86
		{3E5FAF35-AF53-4243-8899-F01346DC27C9}.Debug|iPhoneSimulator.Deploy.0 = Debug|x86
		{3E5FAF35-AF53-4243-8899-F01346DC27C9}.Debug|x64.ActiveCfg = Debug|x64
		{3E5FAF35-AF53-4243-8899-F01346DC27C9}.Debug|x64.Build.0 = Debug|x64
		{3E5FAF35-AF53-4243-8899-F01346DC27C9}.Debug|x64.Deploy.0 = Debug|x64
		{3E5FAF35-AF53-4243-8899-F01346DC27C9}.Debug|x86.ActiveCfg = Debug|x86
		{3E5FAF35-AF53-4243-8899-F01346DC27C9}.Debug|x86.Build.0 = Debug|x86
		{3E5FAF35-AF53-4243-8899-F01346DC27C9}.Debug|x86.Deploy.0 = Debug|x86
		{3E5FAF35-AF53-4243-8899-F01346DC27C9}.Release|Any CPU.ActiveCfg = Release|x86
		{3E5FAF35-AF53-4243-8899-F01346DC27C9}.Release|Any CPU.Build.0 = Release|x86
		{3E5FAF35-AF53-4243-8899-F01346DC27C9}.Release|Any CPU.Deploy.0 = Release|x86
		{3E5FAF35-AF53-4243-8899-F01346DC27C9}.Release|ARM.ActiveCfg = Release|ARM
		{3E5FAF35-AF53-4243-8899-F01346DC27C9}.Release|ARM.Build.0 = Release|ARM
		{3E5FAF35-AF53-4243-8899-F01346DC27C9}.Release|ARM.Deploy.0 = Release|ARM
		{3E5FAF35-AF53-4243-8899-F01346DC27C9}.Release|iPhone.ActiveCfg = Release|x86
		{3E5FAF35-AF53-4243-8899-F01346DC27C9}.Release|iPhone.Build.0 = Release|x86
		{3E5FAF35-AF53-4243-8899-F01346DC27C9}.Release|iPhone.Deploy.0 = Release|x86
		{3E5FAF35-AF53-4243-8899-F01346DC27C9}.Release|iPhoneSimulator.ActiveCfg = Release|x86
		{3E5FAF35-AF53-4243-8899-F01346DC27C9}.Release|iPhoneSimulator.Build.0 = Release|x86
		{3E5FAF35-AF53-4243-8899-F01346DC27C9}.Release|iPhoneSimulator.Deploy.0 = Release|x86
		{3E5FAF35-AF53-4243-8899-F01346DC27C9}.Release|x64.ActiveCfg = Release|x64
		{3E5FAF35-AF53-4243-8899-F01346DC27C9}.Release|x64.Build.0 = Release|x64
		{3E5FAF35-AF53-4243-8899-F01346DC27C9}.Release|x64.Deploy.0 = Release|x64
		{3E5FAF35-AF53-4243-8899-F01346DC27C9}.Release|x86.ActiveCfg = Release|x86
		{3E5FAF35-AF53-4243-8899-F01346DC27C9}.Release|x86.Build.0 = Release|x86
		{3E5FAF35-AF53-4243-8899-F01346DC27C9}.Release|x86.Deploy.0 = Release|x86
	EndGlobalSection
	GlobalSection(SolutionProperties) = preSolution
		HideSolutionNode = FALSE
	EndGlobalSection
EndGlobal
