
Microsoft Visual Studio Solution File, Format Version 12.00
# Visual Studio 14
VisualStudioVersion = 14.0.23107.0
MinimumVisualStudioVersion = 10.0.40219.1
Project("{FAE04EC0-301F-11D3-BF4B-00C04F79EFBC}") = "CatsDinner", "CatsDinner\CatsDinner.csproj", "{F2D1DA37-1AA1-41D7-9118-48B8B1B2A987}"
EndProject
Project("{FAE04EC0-301F-11D3-BF4B-00C04F79EFBC}") = "CatsDinner.iOS", "CatsDinner.iOS\CatsDinner.iOS.csproj", "{4847292B-6809-435B-A75C-71245DF7ADF8}"
EndProject
Project("{FAE04EC0-301F-11D3-BF4B-00C04F79EFBC}") = "CatsDinner.Droid", "CatsDinner.Droid\CatsDinner.Droid.csproj", "{0FEE39C8-80D6-4CDB-ADB3-A5788E15C705}"
EndProject
Project("{FAE04EC0-301F-11D3-BF4B-00C04F79EFBC}") = "CatsDinner.UWP", "CatsDinner.UWP\CatsDinner.UWP.csproj", "{4D6F731B-DD26-4979-8308-1F90BBFEEA01}"
EndProject
Global
	GlobalSection(SolutionConfigurationPlatforms) = preSolution
		Debug|Any CPU = Debug|Any CPU
		Debug|ARM = Debug|ARM
		Debug|iPhone = Debug|iPhone
		Debug|iPhoneSimulator = Debug|iPhoneSimulator
		Debug|x64 = Debug|x64
		Debug|x86 = Debug|x86
		Release|Any CPU = Release|Any CPU
		Release|ARM = Release|ARM
		Release|iPhone = Release|iPhone
		Release|iPhoneSimulator = Release|iPhoneSimulator
		Release|x64 = Release|x64
		Release|x86 = Release|x86
	EndGlobalSection
	GlobalSection(ProjectConfigurationPlatforms) = postSolution
		{F2D1DA37-1AA1-41D7-9118-48B8B1B2A987}.Debug|Any CPU.ActiveCfg = Debug|Any CPU
		{F2D1DA37-1AA1-41D7-9118-48B8B1B2A987}.Debug|Any CPU.Build.0 = Debug|Any CPU
		{F2D1DA37-1AA1-41D7-9118-48B8B1B2A987}.Debug|ARM.ActiveCfg = Debug|Any CPU
		{F2D1DA37-1AA1-41D7-9118-48B8B1B2A987}.Debug|ARM.Build.0 = Debug|Any CPU
		{F2D1DA37-1AA1-41D7-9118-48B8B1B2A987}.Debug|iPhone.ActiveCfg = Debug|Any CPU
		{F2D1DA37-1AA1-41D7-9118-48B8B1B2A987}.Debug|iPhone.Build.0 = Debug|Any CPU
		{F2D1DA37-1AA1-41D7-9118-48B8B1B2A987}.Debug|iPhoneSimulator.ActiveCfg = Debug|Any CPU
		{F2D1DA37-1AA1-41D7-9118-48B8B1B2A987}.Debug|iPhoneSimulator.Build.0 = Debug|Any CPU
		{F2D1DA37-1AA1-41D7-9118-48B8B1B2A987}.Debug|x64.ActiveCfg = Debug|Any CPU
		{F2D1DA37-1AA1-41D7-9118-48B8B1B2A987}.Debug|x64.Build.0 = Debug|Any CPU
		{F2D1DA37-1AA1-41D7-9118-48B8B1B2A987}.Debug|x86.ActiveCfg = Debug|Any CPU
		{F2D1DA37-1AA1-41D7-9118-48B8B1B2A987}.Debug|x86.Build.0 = Debug|Any CPU
		{F2D1DA37-1AA1-41D7-9118-48B8B1B2A987}.Release|Any CPU.ActiveCfg = Release|Any CPU
		{F2D1DA37-1AA1-41D7-9118-48B8B1B2A987}.Release|Any CPU.Build.0 = Release|Any CPU
		{F2D1DA37-1AA1-41D7-9118-48B8B1B2A987}.Release|ARM.ActiveCfg = Release|Any CPU
		{F2D1DA37-1AA1-41D7-9118-48B8B1B2A987}.Release|ARM.Build.0 = Release|Any CPU
		{F2D1DA37-1AA1-41D7-9118-48B8B1B2A987}.Release|iPhone.ActiveCfg = Release|Any CPU
		{F2D1DA37-1AA1-41D7-9118-48B8B1B2A987}.Release|iPhone.Build.0 = Release|Any CPU
		{F2D1DA37-1AA1-41D7-9118-48B8B1B2A987}.Release|iPhoneSimulator.ActiveCfg = Release|Any CPU
		{F2D1DA37-1AA1-41D7-9118-48B8B1B2A987}.Release|iPhoneSimulator.Build.0 = Release|Any CPU
		{F2D1DA37-1AA1-41D7-9118-48B8B1B2A987}.Release|x64.ActiveCfg = Release|Any CPU
		{F2D1DA37-1AA1-41D7-9118-48B8B1B2A987}.Release|x64.Build.0 = Release|Any CPU
		{F2D1DA37-1AA1-41D7-9118-48B8B1B2A987}.Release|x86.ActiveCfg = Release|Any CPU
		{F2D1DA37-1AA1-41D7-9118-48B8B1B2A987}.Release|x86.Build.0 = Release|Any CPU
		{4847292B-6809-435B-A75C-71245DF7ADF8}.Debug|Any CPU.ActiveCfg = Debug|iPhoneSimulator
		{4847292B-6809-435B-A75C-71245DF7ADF8}.Debug|Any CPU.Build.0 = Debug|iPhoneSimulator
		{4847292B-6809-435B-A75C-71245DF7ADF8}.Debug|ARM.ActiveCfg = Debug|iPhone
		{4847292B-6809-435B-A75C-71245DF7ADF8}.Debug|iPhone.ActiveCfg = Debug|iPhone
		{4847292B-6809-435B-A75C-71245DF7ADF8}.Debug|iPhone.Build.0 = Debug|iPhone
		{4847292B-6809-435B-A75C-71245DF7ADF8}.Debug|iPhoneSimulator.ActiveCfg = Debug|iPhoneSimulator
		{4847292B-6809-435B-A75C-71245DF7ADF8}.Debug|iPhoneSimulator.Build.0 = Debug|iPhoneSimulator
		{4847292B-6809-435B-A75C-71245DF7ADF8}.Debug|x64.ActiveCfg = Debug|iPhone
		{4847292B-6809-435B-A75C-71245DF7ADF8}.Debug|x86.ActiveCfg = Debug|iPhone
		{4847292B-6809-435B-A75C-71245DF7ADF8}.Release|Any CPU.ActiveCfg = Release|iPhone
		{4847292B-6809-435B-A75C-71245DF7ADF8}.Release|Any CPU.Build.0 = Release|iPhone
		{4847292B-6809-435B-A75C-71245DF7ADF8}.Release|ARM.ActiveCfg = Release|iPhoneSimulator
		{4847292B-6809-435B-A75C-71245DF7ADF8}.Release|iPhone.ActiveCfg = Release|iPhone
		{4847292B-6809-435B-A75C-71245DF7ADF8}.Release|iPhone.Build.0 = Release|iPhone
		{4847292B-6809-435B-A75C-71245DF7ADF8}.Release|iPhoneSimulator.ActiveCfg = Release|iPhoneSimulator
		{4847292B-6809-435B-A75C-71245DF7ADF8}.Release|iPhoneSimulator.Build.0 = Release|iPhoneSimulator
		{4847292B-6809-435B-A75C-71245DF7ADF8}.Release|x64.ActiveCfg = Release|iPhoneSimulator
		{4847292B-6809-435B-A75C-71245DF7ADF8}.Release|x86.ActiveCfg = Release|iPhoneSimulator
		{0FEE39C8-80D6-4CDB-ADB3-A5788E15C705}.Debug|Any CPU.ActiveCfg = Debug|Any CPU
		{0FEE39C8-80D6-4CDB-ADB3-A5788E15C705}.Debug|Any CPU.Build.0 = Debug|Any CPU
		{0FEE39C8-80D6-4CDB-ADB3-A5788E15C705}.Debug|Any CPU.Deploy.0 = Debug|Any CPU
		{0FEE39C8-80D6-4CDB-ADB3-A5788E15C705}.Debug|ARM.ActiveCfg = Debug|Any CPU
		{0FEE39C8-80D6-4CDB-ADB3-A5788E15C705}.Debug|ARM.Build.0 = Debug|Any CPU
		{0FEE39C8-80D6-4CDB-ADB3-A5788E15C705}.Debug|ARM.Deploy.0 = Debug|Any CPU
		{0FEE39C8-80D6-4CDB-ADB3-A5788E15C705}.Debug|iPhone.ActiveCfg = Debug|Any CPU
		{0FEE39C8-80D6-4CDB-ADB3-A5788E15C705}.Debug|iPhone.Build.0 = Debug|Any CPU
		{0FEE39C8-80D6-4CDB-ADB3-A5788E15C705}.Debug|iPhoneSimulator.ActiveCfg = Debug|Any CPU
		{0FEE39C8-80D6-4CDB-ADB3-A5788E15C705}.Debug|iPhoneSimulator.Build.0 = Debug|Any CPU
		{0FEE39C8-80D6-4CDB-ADB3-A5788E15C705}.Debug|x64.ActiveCfg = Debug|Any CPU
		{0FEE39C8-80D6-4CDB-ADB3-A5788E15C705}.Debug|x64.Build.0 = Debug|Any CPU
		{0FEE39C8-80D6-4CDB-ADB3-A5788E15C705}.Debug|x64.Deploy.0 = Debug|Any CPU
		{0FEE39C8-80D6-4CDB-ADB3-A5788E15C705}.Debug|x86.ActiveCfg = Debug|Any CPU
		{0FEE39C8-80D6-4CDB-ADB3-A5788E15C705}.Debug|x86.Build.0 = Debug|Any CPU
		{0FEE39C8-80D6-4CDB-ADB3-A5788E15C705}.Debug|x86.Deploy.0 = Debug|Any CPU
		{0FEE39C8-80D6-4CDB-ADB3-A5788E15C705}.Release|Any CPU.ActiveCfg = Release|Any CPU
		{0FEE39C8-80D6-4CDB-ADB3-A5788E15C705}.Release|Any CPU.Build.0 = Release|Any CPU
		{0FEE39C8-80D6-4CDB-ADB3-A5788E15C705}.Release|Any CPU.Deploy.0 = Release|Any CPU
		{0FEE39C8-80D6-4CDB-ADB3-A5788E15C705}.Release|ARM.ActiveCfg = Release|Any CPU
		{0FEE39C8-80D6-4CDB-ADB3-A5788E15C705}.Release|ARM.Build.0 = Release|Any CPU
		{0FEE39C8-80D6-4CDB-ADB3-A5788E15C705}.Release|ARM.Deploy.0 = Release|Any CPU
		{0FEE39C8-80D6-4CDB-ADB3-A5788E15C705}.Release|iPhone.ActiveCfg = Release|Any CPU
		{0FEE39C8-80D6-4CDB-ADB3-A5788E15C705}.Release|iPhone.Build.0 = Release|Any CPU
		{0FEE39C8-80D6-4CDB-ADB3-A5788E15C705}.Release|iPhoneSimulator.ActiveCfg = Release|Any CPU
		{0FEE39C8-80D6-4CDB-ADB3-A5788E15C705}.Release|iPhoneSimulator.Build.0 = Release|Any CPU
		{0FEE39C8-80D6-4CDB-ADB3-A5788E15C705}.Release|x64.ActiveCfg = Release|Any CPU
		{0FEE39C8-80D6-4CDB-ADB3-A5788E15C705}.Release|x64.Build.0 = Release|Any CPU
		{0FEE39C8-80D6-4CDB-ADB3-A5788E15C705}.Release|x64.Deploy.0 = Release|Any CPU
		{0FEE39C8-80D6-4CDB-ADB3-A5788E15C705}.Release|x86.ActiveCfg = Release|Any CPU
		{0FEE39C8-80D6-4CDB-ADB3-A5788E15C705}.Release|x86.Build.0 = Release|Any CPU
		{0FEE39C8-80D6-4CDB-ADB3-A5788E15C705}.Release|x86.Deploy.0 = Release|Any CPU
		{4D6F731B-DD26-4979-8308-1F90BBFEEA01}.Debug|Any CPU.ActiveCfg = Debug|x86
		{4D6F731B-DD26-4979-8308-1F90BBFEEA01}.Debug|Any CPU.Build.0 = Debug|x86
		{4D6F731B-DD26-4979-8308-1F90BBFEEA01}.Debug|Any CPU.Deploy.0 = Debug|x86
		{4D6F731B-DD26-4979-8308-1F90BBFEEA01}.Debug|ARM.ActiveCfg = Debug|ARM
		{4D6F731B-DD26-4979-8308-1F90BBFEEA01}.Debug|ARM.Build.0 = Debug|ARM
		{4D6F731B-DD26-4979-8308-1F90BBFEEA01}.Debug|ARM.Deploy.0 = Debug|ARM
		{4D6F731B-DD26-4979-8308-1F90BBFEEA01}.Debug|iPhone.ActiveCfg = Debug|x86
		{4D6F731B-DD26-4979-8308-1F90BBFEEA01}.Debug|iPhone.Build.0 = Debug|x86
		{4D6F731B-DD26-4979-8308-1F90BBFEEA01}.Debug|iPhoneSimulator.ActiveCfg = Debug|x86
		{4D6F731B-DD26-4979-8308-1F90BBFEEA01}.Debug|iPhoneSimulator.Build.0 = Debug|x86
		{4D6F731B-DD26-4979-8308-1F90BBFEEA01}.Debug|x64.ActiveCfg = Debug|x64
		{4D6F731B-DD26-4979-8308-1F90BBFEEA01}.Debug|x64.Build.0 = Debug|x64
		{4D6F731B-DD26-4979-8308-1F90BBFEEA01}.Debug|x64.Deploy.0 = Debug|x64
		{4D6F731B-DD26-4979-8308-1F90BBFEEA01}.Debug|x86.ActiveCfg = Debug|x86
		{4D6F731B-DD26-4979-8308-1F90BBFEEA01}.Debug|x86.Build.0 = Debug|x86
		{4D6F731B-DD26-4979-8308-1F90BBFEEA01}.Debug|x86.Deploy.0 = Debug|x86
		{4D6F731B-DD26-4979-8308-1F90BBFEEA01}.Release|Any CPU.ActiveCfg = Release|x86
		{4D6F731B-DD26-4979-8308-1F90BBFEEA01}.Release|Any CPU.Build.0 = Release|x86
		{4D6F731B-DD26-4979-8308-1F90BBFEEA01}.Release|Any CPU.Deploy.0 = Release|x86
		{4D6F731B-DD26-4979-8308-1F90BBFEEA01}.Release|ARM.ActiveCfg = Release|ARM
		{4D6F731B-DD26-4979-8308-1F90BBFEEA01}.Release|ARM.Build.0 = Release|ARM
		{4D6F731B-DD26-4979-8308-1F90BBFEEA01}.Release|ARM.Deploy.0 = Release|ARM
		{4D6F731B-DD26-4979-8308-1F90BBFEEA01}.Release|iPhone.ActiveCfg = Release|x86
		{4D6F731B-DD26-4979-8308-1F90BBFEEA01}.Release|iPhone.Build.0 = Release|x86
		{4D6F731B-DD26-4979-8308-1F90BBFEEA01}.Release|iPhoneSimulator.ActiveCfg = Release|x86
		{4D6F731B-DD26-4979-8308-1F90BBFEEA01}.Release|iPhoneSimulator.Build.0 = Release|x86
		{4D6F731B-DD26-4979-8308-1F90BBFEEA01}.Release|x64.ActiveCfg = Release|x64
		{4D6F731B-DD26-4979-8308-1F90BBFEEA01}.Release|x64.Build.0 = Release|x64
		{4D6F731B-DD26-4979-8308-1F90BBFEEA01}.Release|x64.Deploy.0 = Release|x64
		{4D6F731B-DD26-4979-8308-1F90BBFEEA01}.Release|x86.ActiveCfg = Release|x86
		{4D6F731B-DD26-4979-8308-1F90BBFEEA01}.Release|x86.Build.0 = Release|x86
		{4D6F731B-DD26-4979-8308-1F90BBFEEA01}.Release|x86.Deploy.0 = Release|x86
	EndGlobalSection
	GlobalSection(SolutionProperties) = preSolution
		HideSolutionNode = FALSE
	EndGlobalSection
EndGlobal
