
Microsoft Visual Studio Solution File, Format Version 12.00
# Visual Studio 2012
Project("{FAE04EC0-301F-11D3-BF4B-00C04F79EFBC}") = "LockPerfTests", "LockPerfTests\LockPerfTests.csproj", "{ED42F92D-CCC0-4437-B218-F05197E4C077}"
EndProject
Project("{FAE04EC0-301F-11D3-BF4B-00C04F79EFBC}") = "LockPerfTests.iOS", "iOS\LockPerfTests.iOS.csproj", "{1E07FA72-7C9B-4492-BDA3-2D8B6741D3E6}"
EndProject
Project("{FAE04EC0-301F-11D3-BF4B-00C04F79EFBC}") = "LockPerfTests.Droid", "Droid\LockPerfTests.Droid.csproj", "{479D3FC3-7406-4E40-8F34-9B7F244880D0}"
EndProject
Global
	GlobalSection(SolutionConfigurationPlatforms) = preSolution
		Debug|Any CPU = Debug|Any CPU
		Release|Any CPU = Release|Any CPU
		Debug|iPhoneSimulator = Debug|iPhoneSimulator
		Release|iPhone = Release|iPhone
		Release|iPhoneSimulator = Release|iPhoneSimulator
		Debug|iPhone = Debug|iPhone
	EndGlobalSection
	GlobalSection(ProjectConfigurationPlatforms) = postSolution
		{1E07FA72-7C9B-4492-BDA3-2D8B6741D3E6}.Debug|Any CPU.ActiveCfg = Debug|iPhoneSimulator
		{1E07FA72-7C9B-4492-BDA3-2D8B6741D3E6}.Debug|Any CPU.Build.0 = Debug|iPhoneSimulator
		{1E07FA72-7C9B-4492-BDA3-2D8B6741D3E6}.Debug|iPhone.ActiveCfg = Debug|iPhone
		{1E07FA72-7C9B-4492-BDA3-2D8B6741D3E6}.Debug|iPhone.Build.0 = Debug|iPhone
		{1E07FA72-7C9B-4492-BDA3-2D8B6741D3E6}.Debug|iPhoneSimulator.ActiveCfg = Debug|iPhoneSimulator
		{1E07FA72-7C9B-4492-BDA3-2D8B6741D3E6}.Debug|iPhoneSimulator.Build.0 = Debug|iPhoneSimulator
		{1E07FA72-7C9B-4492-BDA3-2D8B6741D3E6}.Release|Any CPU.ActiveCfg = Release|iPhone
		{1E07FA72-7C9B-4492-BDA3-2D8B6741D3E6}.Release|Any CPU.Build.0 = Release|iPhone
		{1E07FA72-7C9B-4492-BDA3-2D8B6741D3E6}.Release|iPhone.ActiveCfg = Release|iPhone
		{1E07FA72-7C9B-4492-BDA3-2D8B6741D3E6}.Release|iPhone.Build.0 = Release|iPhone
		{1E07FA72-7C9B-4492-BDA3-2D8B6741D3E6}.Release|iPhoneSimulator.ActiveCfg = Release|iPhoneSimulator
		{1E07FA72-7C9B-4492-BDA3-2D8B6741D3E6}.Release|iPhoneSimulator.Build.0 = Release|iPhoneSimulator
		{479D3FC3-7406-4E40-8F34-9B7F244880D0}.Debug|Any CPU.ActiveCfg = Debug|Any CPU
		{479D3FC3-7406-4E40-8F34-9B7F244880D0}.Debug|Any CPU.Build.0 = Debug|Any CPU
		{479D3FC3-7406-4E40-8F34-9B7F244880D0}.Debug|iPhone.ActiveCfg = Debug|Any CPU
		{479D3FC3-7406-4E40-8F34-9B7F244880D0}.Debug|iPhone.Build.0 = Debug|Any CPU
		{479D3FC3-7406-4E40-8F34-9B7F244880D0}.Debug|iPhoneSimulator.ActiveCfg = Debug|Any CPU
		{479D3FC3-7406-4E40-8F34-9B7F244880D0}.Debug|iPhoneSimulator.Build.0 = Debug|Any CPU
		{479D3FC3-7406-4E40-8F34-9B7F244880D0}.Release|Any CPU.ActiveCfg = Release|Any CPU
		{479D3FC3-7406-4E40-8F34-9B7F244880D0}.Release|Any CPU.Build.0 = Release|Any CPU
		{479D3FC3-7406-4E40-8F34-9B7F244880D0}.Release|iPhone.ActiveCfg = Release|Any CPU
		{479D3FC3-7406-4E40-8F34-9B7F244880D0}.Release|iPhone.Build.0 = Release|Any CPU
		{479D3FC3-7406-4E40-8F34-9B7F244880D0}.Release|iPhoneSimulator.ActiveCfg = Release|Any CPU
		{479D3FC3-7406-4E40-8F34-9B7F244880D0}.Release|iPhoneSimulator.Build.0 = Release|Any CPU
		{ED42F92D-CCC0-4437-B218-F05197E4C077}.Debug|Any CPU.ActiveCfg = Debug|Any CPU
		{ED42F92D-CCC0-4437-B218-F05197E4C077}.Debug|Any CPU.Build.0 = Debug|Any CPU
		{ED42F92D-CCC0-4437-B218-F05197E4C077}.Debug|iPhone.ActiveCfg = Debug|Any CPU
		{ED42F92D-CCC0-4437-B218-F05197E4C077}.Debug|iPhone.Build.0 = Debug|Any CPU
		{ED42F92D-CCC0-4437-B218-F05197E4C077}.Debug|iPhoneSimulator.ActiveCfg = Debug|Any CPU
		{ED42F92D-CCC0-4437-B218-F05197E4C077}.Debug|iPhoneSimulator.Build.0 = Debug|Any CPU
		{ED42F92D-CCC0-4437-B218-F05197E4C077}.Release|Any CPU.ActiveCfg = Release|Any CPU
		{ED42F92D-CCC0-4437-B218-F05197E4C077}.Release|Any CPU.Build.0 = Release|Any CPU
		{ED42F92D-CCC0-4437-B218-F05197E4C077}.Release|iPhone.ActiveCfg = Release|Any CPU
		{ED42F92D-CCC0-4437-B218-F05197E4C077}.Release|iPhone.Build.0 = Release|Any CPU
		{ED42F92D-CCC0-4437-B218-F05197E4C077}.Release|iPhoneSimulator.ActiveCfg = Release|Any CPU
		{ED42F92D-CCC0-4437-B218-F05197E4C077}.Release|iPhoneSimulator.Build.0 = Release|Any CPU
	EndGlobalSection
EndGlobal
